
Microsoft Visual Studio Solution File, Format Version 12.00
# Visual Studio Version 16
VisualStudioVersion = 16.0.30804.86
MinimumVisualStudioVersion = 10.0.40219.1
Project("{FAE04EC0-301F-11D3-BF4B-00C04F79EFBC}") = "Client", "Client.csproj", "{11495333-FAB8-4F18-9046-9DF35972FF8E}"
EndProject
Project("{FAE04EC0-301F-11D3-BF4B-00C04F79EFBC}") = "MyCom", "..\MyCom\MyCom.csproj", "{056B3863-6874-419E-9E31-3EA9F3C2E3A3}"
EndProject
Global
	GlobalSection(SolutionConfigurationPlatforms) = preSolution
		Debug|Any CPU = Debug|Any CPU
		Release|Any CPU = Release|Any CPU
	EndGlobalSection
	GlobalSection(ProjectConfigurationPlatforms) = postSolution
		{11495333-FAB8-4F18-9046-9DF35972FF8E}.Debug|Any CPU.ActiveCfg = Debug|Any CPU
		{11495333-FAB8-4F18-9046-9DF35972FF8E}.Debug|Any CPU.Build.0 = Debug|Any CPU
		{11495333-FAB8-4F18-9046-9DF35972FF8E}.Release|Any CPU.ActiveCfg = Release|Any CPU
		{11495333-FAB8-4F18-9046-9DF35972FF8E}.Release|Any CPU.Build.0 = Release|Any CPU
		{056B3863-6874-419E-9E31-3EA9F3C2E3A3}.Debug|Any CPU.ActiveCfg = Debug|Any CPU
		{056B3863-6874-419E-9E31-3EA9F3C2E3A3}.Debug|Any CPU.Build.0 = Debug|Any CPU
		{056B3863-6874-419E-9E31-3EA9F3C2E3A3}.Release|Any CPU.ActiveCfg = Release|Any CPU
		{056B3863-6874-419E-9E31-3EA9F3C2E3A3}.Release|Any CPU.Build.0 = Release|Any CPU
	EndGlobalSection
	GlobalSection(SolutionProperties) = preSolution
		HideSolutionNode = FALSE
	EndGlobalSection
	GlobalSection(ExtensibilityGlobals) = postSolution
		SolutionGuid = {AC3161A5-5BCF-4982-B8D2-FD47A1AEC499}
	EndGlobalSection
EndGlobal
